
Microsoft Visual Studio Solution File, Format Version 12.00
# Visual Studio 15
VisualStudioVersion = 15.0.27703.2026
MinimumVisualStudioVersion = 10.0.40219.1
Project("{FAE04EC0-301F-11D3-BF4B-00C04F79EFBC}") = "BlendAnimationsVisualStateBinding2", "BlendAnimationsVisualStateBinding2\BlendAnimationsVisualStateBinding2.csproj", "{7478315C-E9EF-4012-87DB-D05B054A8242}"
EndProject
Project("{FAE04EC0-301F-11D3-BF4B-00C04F79EFBC}") = "Tests", "Tests\Tests.csproj", "{EFBFE20D-1892-4BAC-A9CE-C3D5CF30BC50}"
EndProject
Global
	GlobalSection(SolutionConfigurationPlatforms) = preSolution
		Debug|Any CPU = Debug|Any CPU
		Release|Any CPU = Release|Any CPU
	EndGlobalSection
	GlobalSection(ProjectConfigurationPlatforms) = postSolution
		{7478315C-E9EF-4012-87DB-D05B054A8242}.Debug|Any CPU.ActiveCfg = Debug|Any CPU
		{7478315C-E9EF-4012-87DB-D05B054A8242}.Debug|Any CPU.Build.0 = Debug|Any CPU
		{7478315C-E9EF-4012-87DB-D05B054A8242}.Release|Any CPU.ActiveCfg = Release|Any CPU
		{7478315C-E9EF-4012-87DB-D05B054A8242}.Release|Any CPU.Build.0 = Release|Any CPU
		{EFBFE20D-1892-4BAC-A9CE-C3D5CF30BC50}.Debug|Any CPU.ActiveCfg = Debug|Any CPU
		{EFBFE20D-1892-4BAC-A9CE-C3D5CF30BC50}.Debug|Any CPU.Build.0 = Debug|Any CPU
		{EFBFE20D-1892-4BAC-A9CE-C3D5CF30BC50}.Release|Any CPU.ActiveCfg = Release|Any CPU
		{EFBFE20D-1892-4BAC-A9CE-C3D5CF30BC50}.Release|Any CPU.Build.0 = Release|Any CPU
	EndGlobalSection
	GlobalSection(SolutionProperties) = preSolution
		HideSolutionNode = FALSE
	EndGlobalSection
	GlobalSection(ExtensibilityGlobals) = postSolution
		SolutionGuid = {FCC337CB-C2E2-41F4-A3F7-74D6CEC73309}
	EndGlobalSection
EndGlobal
